
Microsoft Visual Studio Solution File, Format Version 12.00
# Visual Studio 15
Project("{FAE04EC0-301F-11D3-BF4B-00C04F79EFBC}") = "Assembly-CSharp", "Assembly-CSharp.csproj", "{DA4281FD-2EC2-8AB2-109D-31C0FCE52357}"
EndProject
Global
	GlobalSection(SolutionConfigurationPlatforms) = preSolution
		Debug|Any CPU = Debug|Any CPU
		Release|Any CPU = Release|Any CPU
	EndGlobalSection
	GlobalSection(ProjectConfigurationPlatforms) = postSolution
		{DA4281FD-2EC2-8AB2-109D-31C0FCE52357}.Debug|Any CPU.ActiveCfg = Debug|Any CPU
		{DA4281FD-2EC2-8AB2-109D-31C0FCE52357}.Debug|Any CPU.Build.0 = Debug|Any CPU
		{DA4281FD-2EC2-8AB2-109D-31C0FCE52357}.Release|Any CPU.ActiveCfg = Release|Any CPU
		{DA4281FD-2EC2-8AB2-109D-31C0FCE52357}.Release|Any CPU.Build.0 = Release|Any CPU
	EndGlobalSection
	GlobalSection(SolutionProperties) = preSolution
		HideSolutionNode = FALSE
	EndGlobalSection
EndGlobal
